
Microsoft Visual Studio Solution File, Format Version 10.00
# Visual Studio 2008
Project("{FAE04EC0-301F-11D3-BF4B-00C04F79EFBC}") = "LogAnalysis", "LogAnalysis\LogAnalysis.csproj", "{94EFBF0E-854D-4E7F-B683-F5A70912017D}"
EndProject
Global
	GlobalSection(SolutionConfigurationPlatforms) = preSolution
		Debug|Any CPU = Debug|Any CPU
		Release|Any CPU = Release|Any CPU
	EndGlobalSection
	GlobalSection(ProjectConfigurationPlatforms) = postSolution
		{94EFBF0E-854D-4E7F-B683-F5A70912017D}.Debug|Any CPU.ActiveCfg = Debug|Any CPU
		{94EFBF0E-854D-4E7F-B683-F5A70912017D}.Debug|Any CPU.Build.0 = Debug|Any CPU
		{94EFBF0E-854D-4E7F-B683-F5A70912017D}.Release|Any CPU.ActiveCfg = Release|Any CPU
		{94EFBF0E-854D-4E7F-B683-F5A70912017D}.Release|Any CPU.Build.0 = Release|Any CPU
	EndGlobalSection
	GlobalSection(SolutionProperties) = preSolution
		HideSolutionNode = FALSE
	EndGlobalSection
EndGlobal
